
Microsoft Visual Studio Solution File, Format Version 12.00
# Visual Studio 15
VisualStudioVersion = 15.0.26124.0
MinimumVisualStudioVersion = 15.0.26124.0
Project("{FAE04EC0-301F-11D3-BF4B-00C04F79EFBC}") = "Domain", "Domain\Domain.csproj", "{9C10609D-742C-4BE1-A21A-95D34716BC3E}"
EndProject
Project("{FAE04EC0-301F-11D3-BF4B-00C04F79EFBC}") = "Application", "Application\Application.csproj", "{59C74DE3-1892-4E39-9060-44EE372EA99A}"
EndProject
Project("{FAE04EC0-301F-11D3-BF4B-00C04F79EFBC}") = "Persistence", "Persistence\Persistence.csproj", "{68BB8F5D-3E21-4D53-B737-A07A73E38EA0}"
EndProject
Project("{FAE04EC0-301F-11D3-BF4B-00C04F79EFBC}") = "API", "API\API.csproj", "{877DE909-C7DB-47A0-B27E-95A320EFFCFD}"
EndProject
Global
	GlobalSection(SolutionConfigurationPlatforms) = preSolution
		Debug|Any CPU = Debug|Any CPU
		Debug|x64 = Debug|x64
		Debug|x86 = Debug|x86
		Release|Any CPU = Release|Any CPU
		Release|x64 = Release|x64
		Release|x86 = Release|x86
	EndGlobalSection
	GlobalSection(SolutionProperties) = preSolution
		HideSolutionNode = FALSE
	EndGlobalSection
	GlobalSection(ProjectConfigurationPlatforms) = postSolution
		{9C10609D-742C-4BE1-A21A-95D34716BC3E}.Debug|Any CPU.ActiveCfg = Debug|Any CPU
		{9C10609D-742C-4BE1-A21A-95D34716BC3E}.Debug|Any CPU.Build.0 = Debug|Any CPU
		{9C10609D-742C-4BE1-A21A-95D34716BC3E}.Debug|x64.ActiveCfg = Debug|Any CPU
		{9C10609D-742C-4BE1-A21A-95D34716BC3E}.Debug|x64.Build.0 = Debug|Any CPU
		{9C10609D-742C-4BE1-A21A-95D34716BC3E}.Debug|x86.ActiveCfg = Debug|Any CPU
		{9C10609D-742C-4BE1-A21A-95D34716BC3E}.Debug|x86.Build.0 = Debug|Any CPU
		{9C10609D-742C-4BE1-A21A-95D34716BC3E}.Release|Any CPU.ActiveCfg = Release|Any CPU
		{9C10609D-742C-4BE1-A21A-95D34716BC3E}.Release|Any CPU.Build.0 = Release|Any CPU
		{9C10609D-742C-4BE1-A21A-95D34716BC3E}.Release|x64.ActiveCfg = Release|Any CPU
		{9C10609D-742C-4BE1-A21A-95D34716BC3E}.Release|x64.Build.0 = Release|Any CPU
		{9C10609D-742C-4BE1-A21A-95D34716BC3E}.Release|x86.ActiveCfg = Release|Any CPU
		{9C10609D-742C-4BE1-A21A-95D34716BC3E}.Release|x86.Build.0 = Release|Any CPU
		{59C74DE3-1892-4E39-9060-44EE372EA99A}.Debug|Any CPU.ActiveCfg = Debug|Any CPU
		{59C74DE3-1892-4E39-9060-44EE372EA99A}.Debug|Any CPU.Build.0 = Debug|Any CPU
		{59C74DE3-1892-4E39-9060-44EE372EA99A}.Debug|x64.ActiveCfg = Debug|Any CPU
		{59C74DE3-1892-4E39-9060-44EE372EA99A}.Debug|x64.Build.0 = Debug|Any CPU
		{59C74DE3-1892-4E39-9060-44EE372EA99A}.Debug|x86.ActiveCfg = Debug|Any CPU
		{59C74DE3-1892-4E39-9060-44EE372EA99A}.Debug|x86.Build.0 = Debug|Any CPU
		{59C74DE3-1892-4E39-9060-44EE372EA99A}.Release|Any CPU.ActiveCfg = Release|Any CPU
		{59C74DE3-1892-4E39-9060-44EE372EA99A}.Release|Any CPU.Build.0 = Release|Any CPU
		{59C74DE3-1892-4E39-9060-44EE372EA99A}.Release|x64.ActiveCfg = Release|Any CPU
		{59C74DE3-1892-4E39-9060-44EE372EA99A}.Release|x64.Build.0 = Release|Any CPU
		{59C74DE3-1892-4E39-9060-44EE372EA99A}.Release|x86.ActiveCfg = Release|Any CPU
		{59C74DE3-1892-4E39-9060-44EE372EA99A}.Release|x86.Build.0 = Release|Any CPU
		{68BB8F5D-3E21-4D53-B737-A07A73E38EA0}.Debug|Any CPU.ActiveCfg = Debug|Any CPU
		{68BB8F5D-3E21-4D53-B737-A07A73E38EA0}.Debug|Any CPU.Build.0 = Debug|Any CPU
		{68BB8F5D-3E21-4D53-B737-A07A73E38EA0}.Debug|x64.ActiveCfg = Debug|Any CPU
		{68BB8F5D-3E21-4D53-B737-A07A73E38EA0}.Debug|x64.Build.0 = Debug|Any CPU
		{68BB8F5D-3E21-4D53-B737-A07A73E38EA0}.Debug|x86.ActiveCfg = Debug|Any CPU
		{68BB8F5D-3E21-4D53-B737-A07A73E38EA0}.Debug|x86.Build.0 = Debug|Any CPU
		{68BB8F5D-3E21-4D53-B737-A07A73E38EA0}.Release|Any CPU.ActiveCfg = Release|Any CPU
		{68BB8F5D-3E21-4D53-B737-A07A73E38EA0}.Release|Any CPU.Build.0 = Release|Any CPU
		{68BB8F5D-3E21-4D53-B737-A07A73E38EA0}.Release|x64.ActiveCfg = Release|Any CPU
		{68BB8F5D-3E21-4D53-B737-A07A73E38EA0}.Release|x64.Build.0 = Release|Any CPU
		{68BB8F5D-3E21-4D53-B737-A07A73E38EA0}.Release|x86.ActiveCfg = Release|Any CPU
		{68BB8F5D-3E21-4D53-B737-A07A73E38EA0}.Release|x86.Build.0 = Release|Any CPU
		{877DE909-C7DB-47A0-B27E-95A320EFFCFD}.Debug|Any CPU.ActiveCfg = Debug|Any CPU
		{877DE909-C7DB-47A0-B27E-95A320EFFCFD}.Debug|Any CPU.Build.0 = Debug|Any CPU
		{877DE909-C7DB-47A0-B27E-95A320EFFCFD}.Debug|x64.ActiveCfg = Debug|Any CPU
		{877DE909-C7DB-47A0-B27E-95A320EFFCFD}.Debug|x64.Build.0 = Debug|Any CPU
		{877DE909-C7DB-47A0-B27E-95A320EFFCFD}.Debug|x86.ActiveCfg = Debug|Any CPU
		{877DE909-C7DB-47A0-B27E-95A320EFFCFD}.Debug|x86.Build.0 = Debug|Any CPU
		{877DE909-C7DB-47A0-B27E-95A320EFFCFD}.Release|Any CPU.ActiveCfg = Release|Any CPU
		{877DE909-C7DB-47A0-B27E-95A320EFFCFD}.Release|Any CPU.Build.0 = Release|Any CPU
		{877DE909-C7DB-47A0-B27E-95A320EFFCFD}.Release|x64.ActiveCfg = Release|Any CPU
		{877DE909-C7DB-47A0-B27E-95A320EFFCFD}.Release|x64.Build.0 = Release|Any CPU
		{877DE909-C7DB-47A0-B27E-95A320EFFCFD}.Release|x86.ActiveCfg = Release|Any CPU
		{877DE909-C7DB-47A0-B27E-95A320EFFCFD}.Release|x86.Build.0 = Release|Any CPU
	EndGlobalSection
EndGlobal
